
Microsoft Visual Studio Solution File, Format Version 12.00
# Visual Studio Version 16
VisualStudioVersion = 16.0.29215.179
MinimumVisualStudioVersion = 10.0.40219.1
Project("{8BC9CEB8-8B4A-11D0-8D11-00A0C91BC942}") = "FantasyPremierLeague", "FantasyPremierLeague\FantasyPremierLeague.vcxproj", "{47DDA1FD-E0E8-4A9F-9832-F674F3AB04EB}"
EndProject
Global
	GlobalSection(SolutionConfigurationPlatforms) = preSolution
		Debug|x64 = Debug|x64
		Debug|x86 = Debug|x86
		Release|x64 = Release|x64
		Release|x86 = Release|x86
	EndGlobalSection
	GlobalSection(ProjectConfigurationPlatforms) = postSolution
		{47DDA1FD-E0E8-4A9F-9832-F674F3AB04EB}.Debug|x64.ActiveCfg = Debug|x64
		{47DDA1FD-E0E8-4A9F-9832-F674F3AB04EB}.Debug|x64.Build.0 = Debug|x64
		{47DDA1FD-E0E8-4A9F-9832-F674F3AB04EB}.Debug|x86.ActiveCfg = Debug|Win32
		{47DDA1FD-E0E8-4A9F-9832-F674F3AB04EB}.Debug|x86.Build.0 = Debug|Win32
		{47DDA1FD-E0E8-4A9F-9832-F674F3AB04EB}.Release|x64.ActiveCfg = Release|x64
		{47DDA1FD-E0E8-4A9F-9832-F674F3AB04EB}.Release|x64.Build.0 = Release|x64
		{47DDA1FD-E0E8-4A9F-9832-F674F3AB04EB}.Release|x86.ActiveCfg = Release|Win32
		{47DDA1FD-E0E8-4A9F-9832-F674F3AB04EB}.Release|x86.Build.0 = Release|Win32
	EndGlobalSection
	GlobalSection(SolutionProperties) = preSolution
		HideSolutionNode = FALSE
	EndGlobalSection
	GlobalSection(ExtensibilityGlobals) = postSolution
		SolutionGuid = {7E28ED19-DD2D-4322-A770-18A2409FEC18}
	EndGlobalSection
EndGlobal
